// !$*UTF8*$!
{
	archiveVersion = 1;
	classes = {
	};
	objectVersion = 46;
	objects = {

/* Begin PBXBuildFile section */
		9457F688894AB08824CD87C9 /* Pods_ForceTouchOSX.framework in Frameworks */ = {isa = PBXBuildFile; fileRef = 209C20F0E6314E7AD9B6BEB6 /* Pods_ForceTouchOSX.framework */; settings = {ATTRIBUTES = (Weak, ); }; };
		EA33DC541B2551E50050772C /* AppDelegate.swift in Sources */ = {isa = PBXBuildFile; fileRef = EA33DC531B2551E50050772C /* AppDelegate.swift */; };
		EA33DC561B2551E50050772C /* Images.xcassets in Resources */ = {isa = PBXBuildFile; fileRef = EA33DC551B2551E50050772C /* Images.xcassets */; };
		EA33DC591B2551E50050772C /* MainMenu.xib in Resources */ = {isa = PBXBuildFile; fileRef = EA33DC571B2551E50050772C /* MainMenu.xib */; };
		EA33DC651B2551E50050772C /* ForceTouchOSXTests.swift in Sources */ = {isa = PBXBuildFile; fileRef = EA33DC641B2551E50050772C /* ForceTouchOSXTests.swift */; };
		EA33DC6F1B255DB70050772C /* PressureView.swift in Sources */ = {isa = PBXBuildFile; fileRef = EA33DC6E1B255DB70050772C /* PressureView.swift */; };
/* End PBXBuildFile section */

/* Begin PBXContainerItemProxy section */
		EA33DC5F1B2551E50050772C /* PBXContainerItemProxy */ = {
			isa = PBXContainerItemProxy;
			containerPortal = EA33DC461B2551E40050772C /* Project object */;
			proxyType = 1;
			remoteGlobalIDString = EA33DC4D1B2551E50050772C;
			remoteInfo = ForceTouchOSX;
		};
/* End PBXContainerItemProxy section */

/* Begin PBXFileReference section */
		209C20F0E6314E7AD9B6BEB6 /* Pods_ForceTouchOSX.framework */ = {isa = PBXFileReference; explicitFileType = wrapper.framework; includeInIndex = 0; path = Pods_ForceTouchOSX.framework; sourceTree = BUILT_PRODUCTS_DIR; };
		44263A435FD8B15262BF267A /* Pods-ForceTouchOSX.debug.xcconfig */ = {isa = PBXFileReference; includeInIndex = 1; lastKnownFileType = text.xcconfig; name = "Pods-ForceTouchOSX.debug.xcconfig"; path = "Pods/Target Support Files/Pods-ForceTouchOSX/Pods-ForceTouchOSX.debug.xcconfig"; sourceTree = "<group>"; };
		8B5B2807F4233965201FBAB8 /* Pods-ForceTouchOSX.release.xcconfig */ = {isa = PBXFileReference; includeInIndex = 1; lastKnownFileType = text.xcconfig; name = "Pods-ForceTouchOSX.release.xcconfig"; path = "Pods/Target Support Files/Pods-ForceTouchOSX/Pods-ForceTouchOSX.release.xcconfig"; sourceTree = "<group>"; };
		EA33DC4E1B2551E50050772C /* ForceTouchOSX.app */ = {isa = PBXFileReference; explicitFileType = wrapper.application; includeInIndex = 0; path = ForceTouchOSX.app; sourceTree = BUILT_PRODUCTS_DIR; };
		EA33DC521B2551E50050772C /* Info.plist */ = {isa = PBXFileReference; lastKnownFileType = text.plist.xml; path = Info.plist; sourceTree = "<group>"; };
		EA33DC531B2551E50050772C /* AppDelegate.swift */ = {isa = PBXFileReference; lastKnownFileType = sourcecode.swift; path = AppDelegate.swift; sourceTree = "<group>"; };
		EA33DC551B2551E50050772C /* Images.xcassets */ = {isa = PBXFileReference; lastKnownFileType = folder.assetcatalog; path = Images.xcassets; sourceTree = "<group>"; };
		EA33DC581B2551E50050772C /* Base */ = {isa = PBXFileReference; lastKnownFileType = file.xib; name = Base; path = Base.lproj/MainMenu.xib; sourceTree = "<group>"; };
		EA33DC5E1B2551E50050772C /* ForceTouchOSXTests.xctest */ = {isa = PBXFileReference; explicitFileType = wrapper.cfbundle; includeInIndex = 0; path = ForceTouchOSXTests.xctest; sourceTree = BUILT_PRODUCTS_DIR; };
		EA33DC631B2551E50050772C /* Info.plist */ = {isa = PBXFileReference; lastKnownFileType = text.plist.xml; path = Info.plist; sourceTree = "<group>"; };
		EA33DC641B2551E50050772C /* ForceTouchOSXTests.swift */ = {isa = PBXFileReference; lastKnownFileType = sourcecode.swift; path = ForceTouchOSXTests.swift; sourceTree = "<group>"; };
		EA33DC6E1B255DB70050772C /* PressureView.swift */ = {isa = PBXFileReference; fileEncoding = 4; lastKnownFileType = sourcecode.swift; path = PressureView.swift; sourceTree = "<group>"; };
/* End PBXFileReference section */

/* Begin PBXFrameworksBuildPhase section */
		EA33DC4B1B2551E50050772C /* Frameworks */ = {
			isa = PBXFrameworksBuildPhase;
			buildActionMask = 2147483647;
			files = (
				9457F688894AB08824CD87C9 /* Pods_ForceTouchOSX.framework in Frameworks */,
			);
			runOnlyForDeploymentPostprocessing = 0;
		};
		EA33DC5B1B2551E50050772C /* Frameworks */ = {
			isa = PBXFrameworksBuildPhase;
			buildActionMask = 2147483647;
			files = (
			);
			runOnlyForDeploymentPostprocessing = 0;
		};
/* End PBXFrameworksBuildPhase section */

/* Begin PBXGroup section */
		1F445B73820FAD198FB93C79 /* Pods */ = {
			isa = PBXGroup;
			children = (
				44263A435FD8B15262BF267A /* Pods-ForceTouchOSX.debug.xcconfig */,
				8B5B2807F4233965201FBAB8 /* Pods-ForceTouchOSX.release.xcconfig */,
			);
			name = Pods;
			sourceTree = "<group>";
		};
		308B27D2E1BBB5DB15FD9E26 /* Frameworks */ = {
			isa = PBXGroup;
			children = (
				209C20F0E6314E7AD9B6BEB6 /* Pods_ForceTouchOSX.framework */,
			);
			name = Frameworks;
			sourceTree = "<group>";
		};
		EA33DC451B2551E40050772C = {
			isa = PBXGroup;
			children = (
				EA33DC501B2551E50050772C /* ForceTouchOSX */,
				EA33DC611B2551E50050772C /* ForceTouchOSXTests */,
				EA33DC4F1B2551E50050772C /* Products */,
				1F445B73820FAD198FB93C79 /* Pods */,
				308B27D2E1BBB5DB15FD9E26 /* Frameworks */,
			);
			sourceTree = "<group>";
		};
		EA33DC4F1B2551E50050772C /* Products */ = {
			isa = PBXGroup;
			children = (
				EA33DC4E1B2551E50050772C /* ForceTouchOSX.app */,
				EA33DC5E1B2551E50050772C /* ForceTouchOSXTests.xctest */,
			);
			name = Products;
			sourceTree = "<group>";
		};
		EA33DC501B2551E50050772C /* ForceTouchOSX */ = {
			isa = PBXGroup;
			children = (
				EA33DC531B2551E50050772C /* AppDelegate.swift */,
				EA33DC6E1B255DB70050772C /* PressureView.swift */,
				EA33DC551B2551E50050772C /* Images.xcassets */,
				EA33DC571B2551E50050772C /* MainMenu.xib */,
				EA33DC511B2551E50050772C /* Supporting Files */,
			);
			path = ForceTouchOSX;
			sourceTree = "<group>";
		};
		EA33DC511B2551E50050772C /* Supporting Files */ = {
			isa = PBXGroup;
			children = (
				EA33DC521B2551E50050772C /* Info.plist */,
			);
			name = "Supporting Files";
			sourceTree = "<group>";
		};
		EA33DC611B2551E50050772C /* ForceTouchOSXTests */ = {
			isa = PBXGroup;
			children = (
				EA33DC641B2551E50050772C /* ForceTouchOSXTests.swift */,
				EA33DC621B2551E50050772C /* Supporting Files */,
			);
			path = ForceTouchOSXTests;
			sourceTree = "<group>";
		};
		EA33DC621B2551E50050772C /* Supporting Files */ = {
			isa = PBXGroup;
			children = (
				EA33DC631B2551E50050772C /* Info.plist */,
			);
			name = "Supporting Files";
			sourceTree = "<group>";
		};
/* End PBXGroup section */

/* Begin PBXNativeTarget section */
		EA33DC4D1B2551E50050772C /* ForceTouchOSX */ = {
			isa = PBXNativeTarget;
			buildConfigurationList = EA33DC681B2551E50050772C /* Build configuration list for PBXNativeTarget "ForceTouchOSX" */;
			buildPhases = (
				0B1E617DBB1F6A10D3FDEB56 /* Check Pods Manifest.lock */,
				EA33DC4A1B2551E50050772C /* Sources */,
				EA33DC4B1B2551E50050772C /* Frameworks */,
				EA33DC4C1B2551E50050772C /* Resources */,
				41640E20B109673C23D10F8B /* Embed Pods Frameworks */,
				26734DD69CB6449E8B5D47D9 /* Copy Pods Resources */,
			);
			buildRules = (
			);
			dependencies = (
			);
			name = ForceTouchOSX;
			productName = ForceTouchOSX;
			productReference = EA33DC4E1B2551E50050772C /* ForceTouchOSX.app */;
			productType = "com.apple.product-type.application";
		};
		EA33DC5D1B2551E50050772C /* ForceTouchOSXTests */ = {
			isa = PBXNativeTarget;
			buildConfigurationList = EA33DC6B1B2551E50050772C /* Build configuration list for PBXNativeTarget "ForceTouchOSXTests" */;
			buildPhases = (
				EA33DC5A1B2551E50050772C /* Sources */,
				EA33DC5B1B2551E50050772C /* Frameworks */,
				EA33DC5C1B2551E50050772C /* Resources */,
			);
			buildRules = (
			);
			dependencies = (
				EA33DC601B2551E50050772C /* PBXTargetDependency */,
			);
			name = ForceTouchOSXTests;
			productName = ForceTouchOSXTests;
			productReference = EA33DC5E1B2551E50050772C /* ForceTouchOSXTests.xctest */;
			productType = "com.apple.product-type.bundle.unit-test";
		};
/* End PBXNativeTarget section */

/* Begin PBXProject section */
		EA33DC461B2551E40050772C /* Project object */ = {
			isa = PBXProject;
			attributes = {
				LastUpgradeCheck = 0630;
				ORGANIZATIONNAME = banjun;
				TargetAttributes = {
					EA33DC4D1B2551E50050772C = {
						CreatedOnToolsVersion = 6.3.2;
					};
					EA33DC5D1B2551E50050772C = {
						CreatedOnToolsVersion = 6.3.2;
						TestTargetID = EA33DC4D1B2551E50050772C;
					};
				};
			};
			buildConfigurationList = EA33DC491B2551E40050772C /* Build configuration list for PBXProject "ForceTouchOSX" */;
			compatibilityVersion = "Xcode 3.2";
			developmentRegion = English;
			hasScannedForEncodings = 0;
			knownRegions = (
				en,
				Base,
			);
			mainGroup = EA33DC451B2551E40050772C;
			productRefGroup = EA33DC4F1B2551E50050772C /* Products */;
			projectDirPath = "";
			projectRoot = "";
			targets = (
				EA33DC4D1B2551E50050772C /* ForceTouchOSX */,
				EA33DC5D1B2551E50050772C /* ForceTouchOSXTests */,
			);
		};
/* End PBXProject section */

/* Begin PBXResourcesBuildPhase section */
		EA33DC4C1B2551E50050772C /* Resources */ = {
			isa = PBXResourcesBuildPhase;
			buildActionMask = 2147483647;
			files = (
				EA33DC561B2551E50050772C /* Images.xcassets in Resources */,
				EA33DC591B2551E50050772C /* MainMenu.xib in Resources */,
			);
			runOnlyForDeploymentPostprocessing = 0;
		};
		EA33DC5C1B2551E50050772C /* Resources */ = {
			isa = PBXResourcesBuildPhase;
			buildActionMask = 2147483647;
			files = (
			);
			runOnlyForDeploymentPostprocessing = 0;
		};
/* End PBXResourcesBuildPhase section */

/* Begin PBXShellScriptBuildPhase section */
		0B1E617DBB1F6A10D3FDEB56 /* Check Pods Manifest.lock */ = {
			isa = PBXShellScriptBuildPhase;
			buildActionMask = 2147483647;
			files = (
			);
			inputPaths = (
			);
			name = "Check Pods Manifest.lock";
			outputPaths = (
			);
			runOnlyForDeploymentPostprocessing = 0;
			shellPath = /bin/sh;
			shellScript = "diff \"${PODS_ROOT}/../Podfile.lock\" \"${PODS_ROOT}/Manifest.lock\" > /dev/null\nif [[ $? != 0 ]] ; then\n    cat << EOM\nerror: The sandbox is not in sync with the Podfile.lock. Run 'pod install' or update your CocoaPods installation.\nEOM\n    exit 1\nfi\n";
			showEnvVarsInLog = 0;
		};
		26734DD69CB6449E8B5D47D9 /* Copy Pods Resources */ = {
			isa = PBXShellScriptBuildPhase;
			buildActionMask = 2147483647;
			files = (
			);
			inputPaths = (
			);
			name = "Copy Pods Resources";
			outputPaths = (
			);
			runOnlyForDeploymentPostprocessing = 0;
			shellPath = /bin/sh;
			shellScript = "\"${SRCROOT}/Pods/Target Support Files/Pods-ForceTouchOSX/Pods-ForceTouchOSX-resources.sh\"\n";
			showEnvVarsInLog = 0;
		};
		41640E20B109673C23D10F8B /* Embed Pods Frameworks */ = {
			isa = PBXShellScriptBuildPhase;
			buildActionMask = 2147483647;
			files = (
			);
			inputPaths = (
			);
			name = "Embed Pods Frameworks";
			outputPaths = (
			);
			runOnlyForDeploymentPostprocessing = 0;
			shellPath = /bin/sh;
			shellScript = "\"${SRCROOT}/Pods/Target Support Files/Pods-ForceTouchOSX/Pods-ForceTouchOSX-frameworks.sh\"\n";
			showEnvVarsInLog = 0;
		};
/* End PBXShellScriptBuildPhase section */

/* Begin PBXSourcesBuildPhase section */
		EA33DC4A1B2551E50050772C /* Sources */ = {
			isa = PBXSourcesBuildPhase;
			buildActionMask = 2147483647;
			files = (
				EA33DC541B2551E50050772C /* AppDelegate.swift in Sources */,
				EA33DC6F1B255DB70050772C /* PressureView.swift in Sources */,
			);
			runOnlyForDeploymentPostprocessing = 0;
		};
		EA33DC5A1B2551E50050772C /* Sources */ = {
			isa = PBXSourcesBuildPhase;
			buildActionMask = 2147483647;
			files = (
				EA33DC651B2551E50050772C /* ForceTouchOSXTests.swift in Sources */,
			);
			runOnlyForDeploymentPostprocessing = 0;
		};
/* End PBXSourcesBuildPhase section */

/* Begin PBXTargetDependency section */
		EA33DC601B2551E50050772C /* PBXTargetDependency */ = {
			isa = PBXTargetDependency;
			target = EA33DC4D1B2551E50050772C /* ForceTouchOSX */;
			targetProxy = EA33DC5F1B2551E50050772C /* PBXContainerItemProxy */;
		};
/* End PBXTargetDependency section */

/* Begin PBXVariantGroup section */
		EA33DC571B2551E50050772C /* MainMenu.xib */ = {
			isa = PBXVariantGroup;
			children = (
				EA33DC581B2551E50050772C /* Base */,
			);
			name = MainMenu.xib;
			sourceTree = "<group>";
		};
/* End PBXVariantGroup section */

/* Begin XCBuildConfiguration section */
		EA33DC661B2551E50050772C /* Debug */ = {
			isa = XCBuildConfiguration;
			buildSettings = {
				ALWAYS_SEARCH_USER_PATHS = NO;
				CLANG_CXX_LANGUAGE_STANDARD = "gnu++0x";
				CLANG_CXX_LIBRARY = "libc++";
				CLANG_ENABLE_MODULES = YES;
				CLANG_ENABLE_OBJC_ARC = YES;
				CLANG_WARN_BOOL_CONVERSION = YES;
				CLANG_WARN_CONSTANT_CONVERSION = YES;
				CLANG_WARN_DIRECT_OBJC_ISA_USAGE = YES_ERROR;
				CLANG_WARN_EMPTY_BODY = YES;
				CLANG_WARN_ENUM_CONVERSION = YES;
				CLANG_WARN_INT_CONVERSION = YES;
				CLANG_WARN_OBJC_ROOT_CLASS = YES_ERROR;
				CLANG_WARN_UNREACHABLE_CODE = YES;
				CLANG_WARN__DUPLICATE_METHOD_MATCH = YES;
				CODE_SIGN_IDENTITY = "-";
				COPY_PHASE_STRIP = NO;
				DEBUG_INFORMATION_FORMAT = dwarf;
				ENABLE_STRICT_OBJC_MSGSEND = YES;
				GCC_C_LANGUAGE_STANDARD = gnu99;
				GCC_DYNAMIC_NO_PIC = NO;
				GCC_NO_COMMON_BLOCKS = YES;
				GCC_OPTIMIZATION_LEVEL = 0;
				GCC_PREPROCESSOR_DEFINITIONS = (
					"DEBUG=1",
					"$(inherited)",
				);
				GCC_SYMBOLS_PRIVATE_EXTERN = NO;
				GCC_WARN_64_TO_32_BIT_CONVERSION = YES;
				GCC_WARN_ABOUT_RETURN_TYPE = YES_ERROR;
				GCC_WARN_UNDECLARED_SELECTOR = YES;
				GCC_WARN_UNINITIALIZED_AUTOS = YES_AGGRESSIVE;
				GCC_WARN_UNUSED_FUNCTION = YES;
				GCC_WARN_UNUSED_VARIABLE = YES;
				MACOSX_DEPLOYMENT_TARGET = 10.10;
				MTL_ENABLE_DEBUG_INFO = YES;
				ONLY_ACTIVE_ARCH = YES;
				SDKROOT = macosx;
				SWIFT_OPTIMIZATION_LEVEL = "-Onone";
			};
			name = Debug;
		};
		EA33DC671B2551E50050772C /* Release */ = {
			isa = XCBuildConfiguration;
			buildSettings = {
				ALWAYS_SEARCH_USER_PATHS = NO;
				CLANG_CXX_LANGUAGE_STANDARD = "gnu++0x";
				CLANG_CXX_LIBRARY = "libc++";
				CLANG_ENABLE_MODULES = YES;
				CLANG_ENABLE_OBJC_ARC = YES;
				CLANG_WARN_BOOL_CONVERSION = YES;
				CLANG_WARN_CONSTANT_CONVERSION = YES;
				CLANG_WARN_DIRECT_OBJC_ISA_USAGE = YES_ERROR;
				CLANG_WARN_EMPTY_BODY = YES;
				CLANG_WARN_ENUM_CONVERSION = YES;
				CLANG_WARN_INT_CONVERSION = YES;
				CLANG_WARN_OBJC_ROOT_CLASS = YES_ERROR;
				CLANG_WARN_UNREACHABLE_CODE = YES;
				CLANG_WARN__DUPLICATE_METHOD_MATCH = YES;
				CODE_SIGN_IDENTITY = "-";
				COPY_PHASE_STRIP = NO;
				DEBUG_INFORMATION_FORMAT = "dwarf-with-dsym";
				ENABLE_NS_ASSERTIONS = NO;
				ENABLE_STRICT_OBJC_MSGSEND = YES;
				GCC_C_LANGUAGE_STANDARD = gnu99;
				GCC_NO_COMMON_BLOCKS = YES;
				GCC_WARN_64_TO_32_BIT_CONVERSION = YES;
				GCC_WARN_ABOUT_RETURN_TYPE = YES_ERROR;
				GCC_WARN_UNDECLARED_SELECTOR = YES;
				GCC_WARN_UNINITIALIZED_AUTOS = YES_AGGRESSIVE;
				GCC_WARN_UNUSED_FUNCTION = YES;
				GCC_WARN_UNUSED_VARIABLE = YES;
				MACOSX_DEPLOYMENT_TARGET = 10.10;
				MTL_ENABLE_DEBUG_INFO = NO;
				SDKROOT = macosx;
			};
			name = Release;
		};
		EA33DC691B2551E50050772C /* Debug */ = {
			isa = XCBuildConfiguration;
			baseConfigurationReference = 44263A435FD8B15262BF267A /* Pods-ForceTouchOSX.debug.xcconfig */;
			buildSettings = {
				ASSETCATALOG_COMPILER_APPICON_NAME = AppIcon;
				COMBINE_HIDPI_IMAGES = YES;
				INFOPLIST_FILE = ForceTouchOSX/Info.plist;
				LD_RUNPATH_SEARCH_PATHS = "$(inherited) @executable_path/../Frameworks";
				PRODUCT_NAME = "$(TARGET_NAME)";
			};
			name = Debug;
		};
		EA33DC6A1B2551E50050772C /* Release */ = {
			isa = XCBuildConfiguration;
			baseConfigurationReference = 8B5B2807F4233965201FBAB8 /* Pods-ForceTouchOSX.release.xcconfig */;
			buildSettings = {
				ASSETCATALOG_COMPILER_APPICON_NAME = AppIcon;
				COMBINE_HIDPI_IMAGES = YES;
				INFOPLIST_FILE = ForceTouchOSX/Info.plist;
				LD_RUNPATH_SEARCH_PATHS = "$(inherited) @executable_path/../Frameworks";
				PRODUCT_NAME = "$(TARGET_NAME)";
			};
			name = Release;
		};
		EA33DC6C1B2551E50050772C /* Debug */ = {
			isa = XCBuildConfiguration;
			buildSettings = {
				BUNDLE_LOADER = "$(TEST_HOST)";
				COMBINE_HIDPI_IMAGES = YES;
				FRAMEWORK_SEARCH_PATHS = (
					"$(DEVELOPER_FRAMEWORKS_DIR)",
					"$(inherited)",
				);
				GCC_PREPROCESSOR_DEFINITIONS = (
					"DEBUG=1",
					"$(inherited)",
				);
				INFOPLIST_FILE = ForceTouchOSXTests/Info.plist;
				LD_RUNPATH_SEARCH_PATHS = "$(inherited) @executable_path/../Frameworks @loader_path/../Frameworks";
				PRODUCT_NAME = "$(TARGET_NAME)";
				TEST_HOST = "$(BUILT_PRODUCTS_DIR)/ForceTouchOSX.app/Contents/MacOS/ForceTouchOSX";
			};
			name = Debug;
		};
		EA33DC6D1B2551E50050772C /* Release */ = {
			isa = XCBuildConfiguration;
			buildSettings = {
				BUNDLE_LOADER = "$(TEST_HOST)";
				COMBINE_HIDPI_IMAGES = YES;
				FRAMEWORK_SEARCH_PATHS = (
					"$(DEVELOPER_FRAMEWORKS_DIR)",
					"$(inherited)",
				);
				INFOPLIST_FILE = ForceTouchOSXTests/Info.plist;
				LD_RUNPATH_SEARCH_PATHS = "$(inherited) @executable_path/../Frameworks @loader_path/../Frameworks";
				PRODUCT_NAME = "$(TARGET_NAME)";
				TEST_HOST = "$(BUILT_PRODUCTS_DIR)/ForceTouchOSX.app/Contents/MacOS/ForceTouchOSX";
			};
			name = Release;
		};
/* End XCBuildConfiguration section */

/* Begin XCConfigurationList section */
		EA33DC491B2551E40050772C /* Build configuration list for PBXProject "ForceTouchOSX" */ = {
			isa = XCConfigurationList;
			buildConfigurations = (
				EA33DC661B2551E50050772C /* Debug */,
				EA33DC671B2551E50050772C /* Release */,
			);
			defaultConfigurationIsVisible = 0;
			defaultConfigurationName = Release;
		};
		EA33DC681B2551E50050772C /* Build configuration list for PBXNativeTarget "ForceTouchOSX" */ = {
			isa = XCConfigurationList;
			buildConfigurations = (
				EA33DC691B2551E50050772C /* Debug */,
				EA33DC6A1B2551E50050772C /* Release */,
			);
			defaultConfigurationIsVisible = 0;
			defaultConfigurationName = Release;
		};
		EA33DC6B1B2551E50050772C /* Build configuration list for PBXNativeTarget "ForceTouchOSXTests" */ = {
			isa = XCConfigurationList;
			buildConfigurations = (
				EA33DC6C1B2551E50050772C /* Debug */,
				EA33DC6D1B2551E50050772C /* Release */,
			);
			defaultConfigurationIsVisible = 0;
			defaultConfigurationName = Release;
		};
/* End XCConfigurationList section */
	};
	rootObject = EA33DC461B2551E40050772C /* Project object */;
}
